
Microsoft Visual Studio Solution File, Format Version 12.00
Project("{FAE04EC0-301F-11D3-BF4B-00C04F79EFBC}") = "TestBackgroundWork", "TestBackgroundWork\TestBackgroundWork.csproj", "{080E15D5-D032-4284-B8D5-AE10EFDB258A}"
EndProject
Global
	GlobalSection(SolutionConfigurationPlatforms) = preSolution
		Debug|Any CPU = Debug|Any CPU
		Release|Any CPU = Release|Any CPU
	EndGlobalSection
	GlobalSection(ProjectConfigurationPlatforms) = postSolution
		{080E15D5-D032-4284-B8D5-AE10EFDB258A}.Debug|Any CPU.ActiveCfg = Debug|Any CPU
		{080E15D5-D032-4284-B8D5-AE10EFDB258A}.Debug|Any CPU.Build.0 = Debug|Any CPU
		{080E15D5-D032-4284-B8D5-AE10EFDB258A}.Release|Any CPU.ActiveCfg = Release|Any CPU
		{080E15D5-D032-4284-B8D5-AE10EFDB258A}.Release|Any CPU.Build.0 = Release|Any CPU
	EndGlobalSection
EndGlobal
